# This file is automatically @generated by Cargo.
# It is not intended for manual editing.
version = 3

[[package]]
name = "cfg-if"
version = "0.1.10"
source = "registry+https://github.com/rust-lang/crates.io-index"
checksum = "4785bdd1c96b2a846b2bd7cc02e86b6b3dbf14e7e53446c4f54c92a361040822"

[[package]]
name = "libc"
version = "0.2.103"
source = "registry+https://github.com/rust-lang/crates.io-index"
checksum = "dd8f7255a17a627354f321ef0055d63b898c6fb27eff628af4d1b66b7331edf6"

[[package]]
name = "middleware-uds"
version = "0.1.0"
dependencies = [
 "unix_socket",
]

[[package]]
name = "unix_socket"
version = "0.5.0"
source = "registry+https://github.com/rust-lang/crates.io-index"
checksum = "6aa2700417c405c38f5e6902d699345241c28c0b7ade4abaad71e35a87eb1564"
dependencies = [
 "cfg-if",
 "libc",
]
